
Microsoft Visual Studio Solution File, Format Version 12.00
# Visual Studio Version 16
VisualStudioVersion = 25.0.1706.4
MinimumVisualStudioVersion = 10.0.40219.1
Project("{FAE04EC0-301F-11D3-BF4B-00C04F79EFBC}") = "DotNetLearning", "DotNetLearning\DotNetLearning.csproj", "{C0A37C95-4CE5-4E6C-BEFC-E005E452CC9D}"
EndProject
Global
	GlobalSection(SolutionConfigurationPlatforms) = preSolution
		Debug|Any CPU = Debug|Any CPU
		Release|Any CPU = Release|Any CPU
	EndGlobalSection
	GlobalSection(ProjectConfigurationPlatforms) = postSolution
		{C0A37C95-4CE5-4E6C-BEFC-E005E452CC9D}.Debug|Any CPU.ActiveCfg = Debug|Any CPU
		{C0A37C95-4CE5-4E6C-BEFC-E005E452CC9D}.Debug|Any CPU.Build.0 = Debug|Any CPU
		{C0A37C95-4CE5-4E6C-BEFC-E005E452CC9D}.Release|Any CPU.ActiveCfg = Release|Any CPU
		{C0A37C95-4CE5-4E6C-BEFC-E005E452CC9D}.Release|Any CPU.Build.0 = Release|Any CPU
	EndGlobalSection
	GlobalSection(SolutionProperties) = preSolution
		HideSolutionNode = FALSE
	EndGlobalSection
	GlobalSection(ExtensibilityGlobals) = postSolution
		SolutionGuid = {67F45E30-104C-4371-A347-FAE865E4F054}
	EndGlobalSection
EndGlobal
